
Microsoft Visual Studio Solution File, Format Version 12.00
# Visual Studio 14
VisualStudioVersion = 14.0.25123.0
MinimumVisualStudioVersion = 10.0.40219.1
Project("{A07B5EB6-E848-4116-A8D0-A826331D98C6}") = "MyFabric", "MyFabric\MyFabric.sfproj", "{5F15D75C-FC77-45D9-BD11-06ACA080B9AD}"
EndProject
Project("{FAE04EC0-301F-11D3-BF4B-00C04F79EFBC}") = "MyStateless", "MyStateless\MyStateless.csproj", "{7EF9AF43-EB5E-407B-99C1-FA13452CC14F}"
EndProject
Project("{FAE04EC0-301F-11D3-BF4B-00C04F79EFBC}") = "MyStateless.Interfaces", "MyStateless.Interfaces\MyStateless.Interfaces.csproj", "{0B364286-DABC-4417-BCA6-B88B3BA1EAF5}"
EndProject
Project("{FAE04EC0-301F-11D3-BF4B-00C04F79EFBC}") = "MyStatelessClient", "MyStatelessClient\MyStatelessClient.csproj", "{406CEAAC-C4B4-4271-A710-40624CB20D62}"
EndProject
Global
	GlobalSection(SolutionConfigurationPlatforms) = preSolution
		Debug|Any CPU = Debug|Any CPU
		Debug|x64 = Debug|x64
		Release|Any CPU = Release|Any CPU
		Release|x64 = Release|x64
	EndGlobalSection
	GlobalSection(ProjectConfigurationPlatforms) = postSolution
		{5F15D75C-FC77-45D9-BD11-06ACA080B9AD}.Debug|Any CPU.ActiveCfg = Debug|x64
		{5F15D75C-FC77-45D9-BD11-06ACA080B9AD}.Debug|x64.ActiveCfg = Debug|x64
		{5F15D75C-FC77-45D9-BD11-06ACA080B9AD}.Debug|x64.Build.0 = Debug|x64
		{5F15D75C-FC77-45D9-BD11-06ACA080B9AD}.Debug|x64.Deploy.0 = Debug|x64
		{5F15D75C-FC77-45D9-BD11-06ACA080B9AD}.Release|Any CPU.ActiveCfg = Release|x64
		{5F15D75C-FC77-45D9-BD11-06ACA080B9AD}.Release|x64.ActiveCfg = Release|x64
		{5F15D75C-FC77-45D9-BD11-06ACA080B9AD}.Release|x64.Build.0 = Release|x64
		{5F15D75C-FC77-45D9-BD11-06ACA080B9AD}.Release|x64.Deploy.0 = Release|x64
		{7EF9AF43-EB5E-407B-99C1-FA13452CC14F}.Debug|Any CPU.ActiveCfg = Debug|x64
		{7EF9AF43-EB5E-407B-99C1-FA13452CC14F}.Debug|x64.ActiveCfg = Debug|x64
		{7EF9AF43-EB5E-407B-99C1-FA13452CC14F}.Debug|x64.Build.0 = Debug|x64
		{7EF9AF43-EB5E-407B-99C1-FA13452CC14F}.Release|Any CPU.ActiveCfg = Release|x64
		{7EF9AF43-EB5E-407B-99C1-FA13452CC14F}.Release|x64.ActiveCfg = Release|x64
		{7EF9AF43-EB5E-407B-99C1-FA13452CC14F}.Release|x64.Build.0 = Release|x64
		{0B364286-DABC-4417-BCA6-B88B3BA1EAF5}.Debug|Any CPU.ActiveCfg = Debug|Any CPU
		{0B364286-DABC-4417-BCA6-B88B3BA1EAF5}.Debug|Any CPU.Build.0 = Debug|Any CPU
		{0B364286-DABC-4417-BCA6-B88B3BA1EAF5}.Debug|x64.ActiveCfg = Debug|Any CPU
		{0B364286-DABC-4417-BCA6-B88B3BA1EAF5}.Debug|x64.Build.0 = Debug|Any CPU
		{0B364286-DABC-4417-BCA6-B88B3BA1EAF5}.Release|Any CPU.ActiveCfg = Release|Any CPU
		{0B364286-DABC-4417-BCA6-B88B3BA1EAF5}.Release|Any CPU.Build.0 = Release|Any CPU
		{0B364286-DABC-4417-BCA6-B88B3BA1EAF5}.Release|x64.ActiveCfg = Release|Any CPU
		{0B364286-DABC-4417-BCA6-B88B3BA1EAF5}.Release|x64.Build.0 = Release|Any CPU
		{406CEAAC-C4B4-4271-A710-40624CB20D62}.Debug|Any CPU.ActiveCfg = Debug|Any CPU
		{406CEAAC-C4B4-4271-A710-40624CB20D62}.Debug|Any CPU.Build.0 = Debug|Any CPU
		{406CEAAC-C4B4-4271-A710-40624CB20D62}.Debug|x64.ActiveCfg = Debug|Any CPU
		{406CEAAC-C4B4-4271-A710-40624CB20D62}.Debug|x64.Build.0 = Debug|Any CPU
		{406CEAAC-C4B4-4271-A710-40624CB20D62}.Release|Any CPU.ActiveCfg = Release|Any CPU
		{406CEAAC-C4B4-4271-A710-40624CB20D62}.Release|Any CPU.Build.0 = Release|Any CPU
		{406CEAAC-C4B4-4271-A710-40624CB20D62}.Release|x64.ActiveCfg = Release|Any CPU
		{406CEAAC-C4B4-4271-A710-40624CB20D62}.Release|x64.Build.0 = Release|Any CPU
	EndGlobalSection
	GlobalSection(SolutionProperties) = preSolution
		HideSolutionNode = FALSE
	EndGlobalSection
EndGlobal
